
Microsoft Visual Studio Solution File, Format Version 12.00
# Visual Studio Version 16
VisualStudioVersion = 16.0.31729.503
MinimumVisualStudioVersion = 10.0.40219.1
Project("{FAE04EC0-301F-11D3-BF4B-00C04F79EFBC}") = "GestionDePedidosCRUD", "GestionDePedidosCRUD\GestionDePedidosCRUD.csproj", "{A36BF6D8-1D59-4773-9EB2-18DFD65B9591}"
EndProject
Global
	GlobalSection(SolutionConfigurationPlatforms) = preSolution
		Debug|Any CPU = Debug|Any CPU
		Release|Any CPU = Release|Any CPU
	EndGlobalSection
	GlobalSection(ProjectConfigurationPlatforms) = postSolution
		{A36BF6D8-1D59-4773-9EB2-18DFD65B9591}.Debug|Any CPU.ActiveCfg = Debug|Any CPU
		{A36BF6D8-1D59-4773-9EB2-18DFD65B9591}.Debug|Any CPU.Build.0 = Debug|Any CPU
		{A36BF6D8-1D59-4773-9EB2-18DFD65B9591}.Release|Any CPU.ActiveCfg = Release|Any CPU
		{A36BF6D8-1D59-4773-9EB2-18DFD65B9591}.Release|Any CPU.Build.0 = Release|Any CPU
	EndGlobalSection
	GlobalSection(SolutionProperties) = preSolution
		HideSolutionNode = FALSE
	EndGlobalSection
	GlobalSection(ExtensibilityGlobals) = postSolution
		SolutionGuid = {9B305149-4CC3-467D-9CA5-196B07BA9BCF}
	EndGlobalSection
EndGlobal
